
Microsoft Visual Studio Solution File, Format Version 12.00
# Visual Studio Version 17
VisualStudioVersion = 17.8.34511.84
MinimumVisualStudioVersion = 10.0.40219.1
Project("{FAE04EC0-301F-11D3-BF4B-00C04F79EFBC}") = "ASPcoreWebAPICRUD", "ASPcoreWebAPICRUD\ASPcoreWebAPICRUD.csproj", "{89D47ADA-E087-4507-B82E-92443A2DDFD0}"
EndProject
Global
	GlobalSection(SolutionConfigurationPlatforms) = preSolution
		Debug|Any CPU = Debug|Any CPU
		Release|Any CPU = Release|Any CPU
	EndGlobalSection
	GlobalSection(ProjectConfigurationPlatforms) = postSolution
		{89D47ADA-E087-4507-B82E-92443A2DDFD0}.Debug|Any CPU.ActiveCfg = Debug|Any CPU
		{89D47ADA-E087-4507-B82E-92443A2DDFD0}.Debug|Any CPU.Build.0 = Debug|Any CPU
		{89D47ADA-E087-4507-B82E-92443A2DDFD0}.Release|Any CPU.ActiveCfg = Release|Any CPU
		{89D47ADA-E087-4507-B82E-92443A2DDFD0}.Release|Any CPU.Build.0 = Release|Any CPU
	EndGlobalSection
	GlobalSection(SolutionProperties) = preSolution
		HideSolutionNode = FALSE
	EndGlobalSection
	GlobalSection(ExtensibilityGlobals) = postSolution
		SolutionGuid = {5424F09C-0778-441F-B739-B045E9BA0CBA}
	EndGlobalSection
EndGlobal
